
Microsoft Visual Studio Solution File, Format Version 12.00
# Visual Studio Version 17
VisualStudioVersion = 17.4.33205.214
MinimumVisualStudioVersion = 10.0.40219.1
Project("{FAE04EC0-301F-11D3-BF4B-00C04F79EFBC}") = "Lista04Exercicio01", "Lista04Exercicio01\Lista04Exercicio01.csproj", "{6FB888A7-C9A0-473D-AB06-A238E156E0FE}"
EndProject
Global
	GlobalSection(SolutionConfigurationPlatforms) = preSolution
		Debug|Any CPU = Debug|Any CPU
		Release|Any CPU = Release|Any CPU
	EndGlobalSection
	GlobalSection(ProjectConfigurationPlatforms) = postSolution
		{6FB888A7-C9A0-473D-AB06-A238E156E0FE}.Debug|Any CPU.ActiveCfg = Debug|Any CPU
		{6FB888A7-C9A0-473D-AB06-A238E156E0FE}.Debug|Any CPU.Build.0 = Debug|Any CPU
		{6FB888A7-C9A0-473D-AB06-A238E156E0FE}.Release|Any CPU.ActiveCfg = Release|Any CPU
		{6FB888A7-C9A0-473D-AB06-A238E156E0FE}.Release|Any CPU.Build.0 = Release|Any CPU
	EndGlobalSection
	GlobalSection(SolutionProperties) = preSolution
		HideSolutionNode = FALSE
	EndGlobalSection
	GlobalSection(ExtensibilityGlobals) = postSolution
		SolutionGuid = {F5A9C169-74EF-4533-BFEE-5746F39698A4}
	EndGlobalSection
EndGlobal
