
Microsoft Visual Studio Solution File, Format Version 12.00
# Visual Studio Version 17
VisualStudioVersion = 17.4.33205.214
MinimumVisualStudioVersion = 10.0.40219.1
Project("{FAE04EC0-301F-11D3-BF4B-00C04F79EFBC}") = "AtivListaAgenda", "AtivListaAgenda\AtivListaAgenda.csproj", "{B158294D-8B76-49D8-BED7-7FACC28B9BFC}"
EndProject
Global
	GlobalSection(SolutionConfigurationPlatforms) = preSolution
		Debug|Any CPU = Debug|Any CPU
		Release|Any CPU = Release|Any CPU
	EndGlobalSection
	GlobalSection(ProjectConfigurationPlatforms) = postSolution
		{B158294D-8B76-49D8-BED7-7FACC28B9BFC}.Debug|Any CPU.ActiveCfg = Debug|Any CPU
		{B158294D-8B76-49D8-BED7-7FACC28B9BFC}.Debug|Any CPU.Build.0 = Debug|Any CPU
		{B158294D-8B76-49D8-BED7-7FACC28B9BFC}.Release|Any CPU.ActiveCfg = Release|Any CPU
		{B158294D-8B76-49D8-BED7-7FACC28B9BFC}.Release|Any CPU.Build.0 = Release|Any CPU
	EndGlobalSection
	GlobalSection(SolutionProperties) = preSolution
		HideSolutionNode = FALSE
	EndGlobalSection
	GlobalSection(ExtensibilityGlobals) = postSolution
		SolutionGuid = {3CB2EA99-3E30-480E-AEA2-5523402CF974}
	EndGlobalSection
EndGlobal
