
Microsoft Visual Studio Solution File, Format Version 12.00
# Visual Studio Version 17
VisualStudioVersion = 17.4.33205.214
MinimumVisualStudioVersion = 10.0.40219.1
Project("{FAE04EC0-301F-11D3-BF4B-00C04F79EFBC}") = "AtivMatriz01", "AtivMatriz01\AtivMatriz01.csproj", "{E8C4831C-1B8A-4D96-B852-A3B478774CDC}"
EndProject
Global
	GlobalSection(SolutionConfigurationPlatforms) = preSolution
		Debug|Any CPU = Debug|Any CPU
		Release|Any CPU = Release|Any CPU
	EndGlobalSection
	GlobalSection(ProjectConfigurationPlatforms) = postSolution
		{E8C4831C-1B8A-4D96-B852-A3B478774CDC}.Debug|Any CPU.ActiveCfg = Debug|Any CPU
		{E8C4831C-1B8A-4D96-B852-A3B478774CDC}.Debug|Any CPU.Build.0 = Debug|Any CPU
		{E8C4831C-1B8A-4D96-B852-A3B478774CDC}.Release|Any CPU.ActiveCfg = Release|Any CPU
		{E8C4831C-1B8A-4D96-B852-A3B478774CDC}.Release|Any CPU.Build.0 = Release|Any CPU
	EndGlobalSection
	GlobalSection(SolutionProperties) = preSolution
		HideSolutionNode = FALSE
	EndGlobalSection
	GlobalSection(ExtensibilityGlobals) = postSolution
		SolutionGuid = {DA5D555B-66C4-480E-B8C6-70BB5E03CD50}
	EndGlobalSection
EndGlobal
