
Microsoft Visual Studio Solution File, Format Version 12.00
# Visual Studio Version 17
VisualStudioVersion = 17.4.33205.214
MinimumVisualStudioVersion = 10.0.40219.1
Project("{FAE04EC0-301F-11D3-BF4B-00C04F79EFBC}") = "ExerciciosExtra03", "ExerciciosExtra03\ExerciciosExtra03.csproj", "{BB13315B-A9AC-4199-8748-251964625660}"
EndProject
Global
	GlobalSection(SolutionConfigurationPlatforms) = preSolution
		Debug|Any CPU = Debug|Any CPU
		Release|Any CPU = Release|Any CPU
	EndGlobalSection
	GlobalSection(ProjectConfigurationPlatforms) = postSolution
		{BB13315B-A9AC-4199-8748-251964625660}.Debug|Any CPU.ActiveCfg = Debug|Any CPU
		{BB13315B-A9AC-4199-8748-251964625660}.Debug|Any CPU.Build.0 = Debug|Any CPU
		{BB13315B-A9AC-4199-8748-251964625660}.Release|Any CPU.ActiveCfg = Release|Any CPU
		{BB13315B-A9AC-4199-8748-251964625660}.Release|Any CPU.Build.0 = Release|Any CPU
	EndGlobalSection
	GlobalSection(SolutionProperties) = preSolution
		HideSolutionNode = FALSE
	EndGlobalSection
	GlobalSection(ExtensibilityGlobals) = postSolution
		SolutionGuid = {B8B89427-993B-4E12-B7BA-8E1286BA7609}
	EndGlobalSection
EndGlobal
