
Microsoft Visual Studio Solution File, Format Version 12.00
# Visual Studio Version 17
VisualStudioVersion = 17.4.33205.214
MinimumVisualStudioVersion = 10.0.40219.1
Project("{FAE04EC0-301F-11D3-BF4B-00C04F79EFBC}") = "AtivListaSalario", "AtivListaSalario\AtivListaSalario.csproj", "{6FB9105F-D609-48E4-8476-00AB513AE209}"
EndProject
Global
	GlobalSection(SolutionConfigurationPlatforms) = preSolution
		Debug|Any CPU = Debug|Any CPU
		Release|Any CPU = Release|Any CPU
	EndGlobalSection
	GlobalSection(ProjectConfigurationPlatforms) = postSolution
		{6FB9105F-D609-48E4-8476-00AB513AE209}.Debug|Any CPU.ActiveCfg = Debug|Any CPU
		{6FB9105F-D609-48E4-8476-00AB513AE209}.Debug|Any CPU.Build.0 = Debug|Any CPU
		{6FB9105F-D609-48E4-8476-00AB513AE209}.Release|Any CPU.ActiveCfg = Release|Any CPU
		{6FB9105F-D609-48E4-8476-00AB513AE209}.Release|Any CPU.Build.0 = Release|Any CPU
	EndGlobalSection
	GlobalSection(SolutionProperties) = preSolution
		HideSolutionNode = FALSE
	EndGlobalSection
	GlobalSection(ExtensibilityGlobals) = postSolution
		SolutionGuid = {549E411B-70E5-444C-A230-8A0D60A3FE31}
	EndGlobalSection
EndGlobal
