
Microsoft Visual Studio Solution File, Format Version 12.00
# Visual Studio Version 17
VisualStudioVersion = 17.4.33205.214
MinimumVisualStudioVersion = 10.0.40219.1
Project("{FAE04EC0-301F-11D3-BF4B-00C04F79EFBC}") = "Ex01_Classes", "Ex01_Classes\Ex01_Classes.csproj", "{DC128860-0BD7-4D92-9AFE-A5D01660FCFE}"
EndProject
Global
	GlobalSection(SolutionConfigurationPlatforms) = preSolution
		Debug|Any CPU = Debug|Any CPU
		Release|Any CPU = Release|Any CPU
	EndGlobalSection
	GlobalSection(ProjectConfigurationPlatforms) = postSolution
		{DC128860-0BD7-4D92-9AFE-A5D01660FCFE}.Debug|Any CPU.ActiveCfg = Debug|Any CPU
		{DC128860-0BD7-4D92-9AFE-A5D01660FCFE}.Debug|Any CPU.Build.0 = Debug|Any CPU
		{DC128860-0BD7-4D92-9AFE-A5D01660FCFE}.Release|Any CPU.ActiveCfg = Release|Any CPU
		{DC128860-0BD7-4D92-9AFE-A5D01660FCFE}.Release|Any CPU.Build.0 = Release|Any CPU
	EndGlobalSection
	GlobalSection(SolutionProperties) = preSolution
		HideSolutionNode = FALSE
	EndGlobalSection
	GlobalSection(ExtensibilityGlobals) = postSolution
		SolutionGuid = {48BCCE2C-5064-488E-8068-E29932E95F66}
	EndGlobalSection
EndGlobal
