
Microsoft Visual Studio Solution File, Format Version 12.00
# Visual Studio Version 17
VisualStudioVersion = 17.4.33205.214
MinimumVisualStudioVersion = 10.0.40219.1
Project("{FAE04EC0-301F-11D3-BF4B-00C04F79EFBC}") = "Lista02Exercicio05", "Lista02Exercicio05\Lista02Exercicio05.csproj", "{751901A8-0663-4655-9D18-DBBB4B8CB48A}"
EndProject
Global
	GlobalSection(SolutionConfigurationPlatforms) = preSolution
		Debug|Any CPU = Debug|Any CPU
		Release|Any CPU = Release|Any CPU
	EndGlobalSection
	GlobalSection(ProjectConfigurationPlatforms) = postSolution
		{751901A8-0663-4655-9D18-DBBB4B8CB48A}.Debug|Any CPU.ActiveCfg = Debug|Any CPU
		{751901A8-0663-4655-9D18-DBBB4B8CB48A}.Debug|Any CPU.Build.0 = Debug|Any CPU
		{751901A8-0663-4655-9D18-DBBB4B8CB48A}.Release|Any CPU.ActiveCfg = Release|Any CPU
		{751901A8-0663-4655-9D18-DBBB4B8CB48A}.Release|Any CPU.Build.0 = Release|Any CPU
	EndGlobalSection
	GlobalSection(SolutionProperties) = preSolution
		HideSolutionNode = FALSE
	EndGlobalSection
	GlobalSection(ExtensibilityGlobals) = postSolution
		SolutionGuid = {C379F83C-1515-4803-8EC3-680748E00385}
	EndGlobalSection
EndGlobal
